
Microsoft Visual Studio Solution File, Format Version 12.00
# Visual Studio Version 16
VisualStudioVersion = 16.0.30204.135
MinimumVisualStudioVersion = 10.0.40219.1
Project("{2150E333-8FDC-42A3-9474-1A3956D46DE8}") = "compute", "compute", "{4D90723E-CB72-44F3-9C60-A624EAD01ED1}"
EndProject
Project("{2150E333-8FDC-42A3-9474-1A3956D46DE8}") = "manage-virtual-machine", "manage-virtual-machine", "{36A9D624-41E3-4A4E-A31F-E34A6E94F58B}"
EndProject
Project("{9A19103F-16F7-4668-BE54-9A1E7A4F7556}") = "ManageVMSample", "compute\manage-virtual-machine\ManageVMSample.csproj", "{CE08ECCF-268C-4057-B263-A6599AAE6C13}"
EndProject
Project("{2150E333-8FDC-42A3-9474-1A3956D46DE8}") = "utilities", "utilities", "{845FE81D-7042-4238-B5A3-453A28FB0BCD}"
EndProject
Project("{2150E333-8FDC-42A3-9474-1A3956D46DE8}") = "manage-virtual-machine-extension", "manage-virtual-machine-extension", "{7558E27A-E61D-427F-91C2-8F238653EA26}"
EndProject
Project("{9A19103F-16F7-4668-BE54-9A1E7A4F7556}") = "ManageVMExtension", "compute\manage-virtual-machine-extension\ManageVMExtension.csproj", "{5887A72D-CD89-40E8-A970-44437CD7AE08}"
EndProject
Project("{2150E333-8FDC-42A3-9474-1A3956D46DE8}") = "create-virtual-machines-in-parallel", "create-virtual-machines-in-parallel", "{97D76710-0611-4448-8E7D-DAA4FDEC9809}"
EndProject
Project("{9A19103F-16F7-4668-BE54-9A1E7A4F7556}") = "CreateVirtualMachinesInParallel", "compute\create-virtual-machines-in-parallel\CreateVirtualMachinesInParallel.csproj", "{6F8DA99C-CBBD-423A-A544-BAA8450E30BA}"
EndProject
Project("{2150E333-8FDC-42A3-9474-1A3956D46DE8}") = "create-virtual-machine", "create-virtual-machine", "{CE89928A-806A-427B-9850-75D938D85E74}"
EndProject
Project("{9A19103F-16F7-4668-BE54-9A1E7A4F7556}") = "CreateVMSample", "compute\create-virtual-machine\CreateVMSample.csproj", "{8CB2F1FF-53F8-40A1-AC76-F51A1E8B1A7F}"
EndProject
Project("{2150E333-8FDC-42A3-9474-1A3956D46DE8}") = "keyvault", "keyvault", "{F0B19C48-8AEA-477C-89DD-6216DEAD72B1}"
EndProject
Project("{2150E333-8FDC-42A3-9474-1A3956D46DE8}") = "eventhub", "eventhub", "{58A6C2FE-8A71-4407-8FEF-4260BA3998AC}"
EndProject
Project("{2150E333-8FDC-42A3-9474-1A3956D46DE8}") = "manage-event-hub", "manage-event-hub", "{136509FB-C155-4CF5-9282-003E6DD75BB4}"
EndProject
Project("{2150E333-8FDC-42A3-9474-1A3956D46DE8}") = "manage-event-hub-events", "manage-event-hub-events", "{B74917A4-3F05-4D8B-B960-23E52EC8AEB8}"
EndProject
Project("{2150E333-8FDC-42A3-9474-1A3956D46DE8}") = "manage-event-hub-geo-disaster-recovery", "manage-event-hub-geo-disaster-recovery", "{A9EAC3DD-CB07-4526-8069-083F627D9050}"
EndProject
Project("{9A19103F-16F7-4668-BE54-9A1E7A4F7556}") = "ManageEventHub", "eventhub\manage-event-hub\ManageEventHub.csproj", "{5F1DB44B-609A-47D8-9B18-EF351608F78A}"
EndProject
Project("{9A19103F-16F7-4668-BE54-9A1E7A4F7556}") = "ManageEventHubEvents", "eventhub\manage-event-hub-events\ManageEventHubEvents.csproj", "{23FF4648-3929-42B7-91BD-EBDB18CD301B}"
EndProject
Project("{9A19103F-16F7-4668-BE54-9A1E7A4F7556}") = "ManageEventHubGeoDisasterRecovery", "eventhub\manage-event-hub-geo-disaster-recovery\ManageEventHubGeoDisasterRecovery.csproj", "{E9CC41C0-44A8-4F04-98C1-2E246C3E0BA9}"
EndProject
Project("{2150E333-8FDC-42A3-9474-1A3956D46DE8}") = "manage-key-vault", "manage-key-vault", "{ED0448D1-A619-4AE5-9BC6-4863369B4613}"
EndProject
Project("{2150E333-8FDC-42A3-9474-1A3956D46DE8}") = "network", "network", "{B72836C7-D147-487B-97D3-163E937869FC}"
EndProject
Project("{2150E333-8FDC-42A3-9474-1A3956D46DE8}") = "manage-ip-address", "manage-ip-address", "{3D6EBFA4-34C3-4D02-A885-D9FEA017FD23}"
EndProject
Project("{9A19103F-16F7-4668-BE54-9A1E7A4F7556}") = "ManageKeyVault", "keyvault\manage-key-vault\ManageKeyVault.csproj", "{F8408A28-F87C-4F5E-A1E2-17E7C6133178}"
EndProject
Project("{9A19103F-16F7-4668-BE54-9A1E7A4F7556}") = "ManageIPAddress", "network\manage-ip-address\ManageIPAddress.csproj", "{340CED32-89EC-4B1D-BC30-D3DAF50892A5}"
EndProject
Project("{2150E333-8FDC-42A3-9474-1A3956D46DE8}") = "manage-virtual-network", "manage-virtual-network", "{616396C2-05DB-46E7-9989-E4820E2FA54E}"
EndProject
Project("{9A19103F-16F7-4668-BE54-9A1E7A4F7556}") = "ManageVirtualNetwork", "network\manage-virtual-network\ManageVirtualNetwork.csproj", "{7047082D-B53C-4F9A-A0CF-14501548AEFD}"
EndProject
Project("{2150E333-8FDC-42A3-9474-1A3956D46DE8}") = "resources", "resources", "{CA11DF22-F292-4B25-A06B-CAB05FBAEDC1}"
EndProject
Project("{2150E333-8FDC-42A3-9474-1A3956D46DE8}") = "deploy-using-arm-template", "deploy-using-arm-template", "{8154711B-D41E-4BF1-A2F3-C63D4964DA95}"
EndProject
Project("{2150E333-8FDC-42A3-9474-1A3956D46DE8}") = "manage-resource", "manage-resource", "{942307DB-F5B5-4C7F-B957-677DF59BEF7B}"
EndProject
Project("{2150E333-8FDC-42A3-9474-1A3956D46DE8}") = "manage-resource-group", "manage-resource-group", "{106B4A19-E7F2-459C-BB92-C6E641C50034}"
EndProject
Project("{9A19103F-16F7-4668-BE54-9A1E7A4F7556}") = "DeployUsingARMTemplate", "resources\deploy-using-arm-template\DeployUsingARMTemplate.csproj", "{6FD4E768-F443-4AAB-BD7E-606AF777F8A2}"
EndProject
Project("{9A19103F-16F7-4668-BE54-9A1E7A4F7556}") = "ManageResource", "resources\manage-resource\ManageResource.csproj", "{8EE2A184-05A2-41D5-9AF2-18311F7B4B4D}"
EndProject
Project("{9A19103F-16F7-4668-BE54-9A1E7A4F7556}") = "ManageResourceGroup", "resources\manage-resource-group\ManageResourceGroup.csproj", "{046D84E3-85A9-4F9F-86F5-D6EB869999A0}"
EndProject
Project("{9A19103F-16F7-4668-BE54-9A1E7A4F7556}") = "Utilities", "utilities\Utilities.csproj", "{829C7E77-AAF5-4D3F-978A-74A3A75D1568}"
EndProject
Project("{2150E333-8FDC-42A3-9474-1A3956D46DE8}") = "storage", "storage", "{BA5CE472-E7D4-4232-A308-2AEFAC5B60DF}"
EndProject
Project("{2150E333-8FDC-42A3-9474-1A3956D46DE8}") = "create-storage-account", "create-storage-account", "{E3936643-EE14-4588-9986-47884419CE2C}"
EndProject
Project("{2150E333-8FDC-42A3-9474-1A3956D46DE8}") = "appconfiguration", "appconfiguration", "{D8B0A9A1-3FBF-49C5-B218-8C71A6928A10}"
EndProject
Project("{2150E333-8FDC-42A3-9474-1A3956D46DE8}") = "create-app-configuration", "create-app-configuration", "{0DB07A48-919C-4939-87E4-EA13A2DBB5E0}"
EndProject
Project("{9A19103F-16F7-4668-BE54-9A1E7A4F7556}") = "CreateStorageSample", "storage\create-storage-account\CreateStorageSample.csproj", "{DB85FCDE-06DF-4563-9BE9-4B9988B8B29D}"
EndProject
Project("{9A19103F-16F7-4668-BE54-9A1E7A4F7556}") = "CreateAppConfigurationSample", "appconfiguration\create-app-configuration\CreateAppConfigurationSample.csproj", "{41A79A15-3552-4BB3-826D-1B3C89F83609}"
EndProject
Project("{2150E333-8FDC-42A3-9474-1A3956D46DE8}") = "communication", "communication", "{FDDBE618-720B-4676-8CA7-441CA0DC18FF}"
EndProject
Project("{2150E333-8FDC-42A3-9474-1A3956D46DE8}") = "manage-communication", "manage-communication", "{40A26974-0915-4CFC-A04C-4F7A44A8EE55}"
EndProject
Project("{9A19103F-16F7-4668-BE54-9A1E7A4F7556}") = "ManageCommunication", "communication\manage-communication\ManageCommunication.csproj", "{920BDCC4-62AE-4156-964F-43C67CC84C3B}"
EndProject
Global
	GlobalSection(SolutionConfigurationPlatforms) = preSolution
		Debug|Any CPU = Debug|Any CPU
		Release|Any CPU = Release|Any CPU
	EndGlobalSection
	GlobalSection(ProjectConfigurationPlatforms) = postSolution
		{CE08ECCF-268C-4057-B263-A6599AAE6C13}.Debug|Any CPU.ActiveCfg = Debug|Any CPU
		{CE08ECCF-268C-4057-B263-A6599AAE6C13}.Debug|Any CPU.Build.0 = Debug|Any CPU
		{CE08ECCF-268C-4057-B263-A6599AAE6C13}.Release|Any CPU.ActiveCfg = Release|Any CPU
		{CE08ECCF-268C-4057-B263-A6599AAE6C13}.Release|Any CPU.Build.0 = Release|Any CPU
		{5887A72D-CD89-40E8-A970-44437CD7AE08}.Debug|Any CPU.ActiveCfg = Debug|Any CPU
		{5887A72D-CD89-40E8-A970-44437CD7AE08}.Debug|Any CPU.Build.0 = Debug|Any CPU
		{5887A72D-CD89-40E8-A970-44437CD7AE08}.Release|Any CPU.ActiveCfg = Release|Any CPU
		{5887A72D-CD89-40E8-A970-44437CD7AE08}.Release|Any CPU.Build.0 = Release|Any CPU
		{6F8DA99C-CBBD-423A-A544-BAA8450E30BA}.Debug|Any CPU.ActiveCfg = Debug|Any CPU
		{6F8DA99C-CBBD-423A-A544-BAA8450E30BA}.Debug|Any CPU.Build.0 = Debug|Any CPU
		{6F8DA99C-CBBD-423A-A544-BAA8450E30BA}.Release|Any CPU.ActiveCfg = Release|Any CPU
		{6F8DA99C-CBBD-423A-A544-BAA8450E30BA}.Release|Any CPU.Build.0 = Release|Any CPU
		{8CB2F1FF-53F8-40A1-AC76-F51A1E8B1A7F}.Debug|Any CPU.ActiveCfg = Debug|Any CPU
		{8CB2F1FF-53F8-40A1-AC76-F51A1E8B1A7F}.Debug|Any CPU.Build.0 = Debug|Any CPU
		{8CB2F1FF-53F8-40A1-AC76-F51A1E8B1A7F}.Release|Any CPU.ActiveCfg = Release|Any CPU
		{8CB2F1FF-53F8-40A1-AC76-F51A1E8B1A7F}.Release|Any CPU.Build.0 = Release|Any CPU
		{5F1DB44B-609A-47D8-9B18-EF351608F78A}.Debug|Any CPU.ActiveCfg = Debug|Any CPU
		{5F1DB44B-609A-47D8-9B18-EF351608F78A}.Debug|Any CPU.Build.0 = Debug|Any CPU
		{5F1DB44B-609A-47D8-9B18-EF351608F78A}.Release|Any CPU.ActiveCfg = Release|Any CPU
		{5F1DB44B-609A-47D8-9B18-EF351608F78A}.Release|Any CPU.Build.0 = Release|Any CPU
		{23FF4648-3929-42B7-91BD-EBDB18CD301B}.Debug|Any CPU.ActiveCfg = Debug|Any CPU
		{23FF4648-3929-42B7-91BD-EBDB18CD301B}.Debug|Any CPU.Build.0 = Debug|Any CPU
		{23FF4648-3929-42B7-91BD-EBDB18CD301B}.Release|Any CPU.ActiveCfg = Release|Any CPU
		{23FF4648-3929-42B7-91BD-EBDB18CD301B}.Release|Any CPU.Build.0 = Release|Any CPU
		{E9CC41C0-44A8-4F04-98C1-2E246C3E0BA9}.Debug|Any CPU.ActiveCfg = Debug|Any CPU
		{E9CC41C0-44A8-4F04-98C1-2E246C3E0BA9}.Debug|Any CPU.Build.0 = Debug|Any CPU
		{E9CC41C0-44A8-4F04-98C1-2E246C3E0BA9}.Release|Any CPU.ActiveCfg = Release|Any CPU
		{E9CC41C0-44A8-4F04-98C1-2E246C3E0BA9}.Release|Any CPU.Build.0 = Release|Any CPU
		{F8408A28-F87C-4F5E-A1E2-17E7C6133178}.Debug|Any CPU.ActiveCfg = Debug|Any CPU
		{F8408A28-F87C-4F5E-A1E2-17E7C6133178}.Debug|Any CPU.Build.0 = Debug|Any CPU
		{F8408A28-F87C-4F5E-A1E2-17E7C6133178}.Release|Any CPU.ActiveCfg = Release|Any CPU
		{F8408A28-F87C-4F5E-A1E2-17E7C6133178}.Release|Any CPU.Build.0 = Release|Any CPU
		{340CED32-89EC-4B1D-BC30-D3DAF50892A5}.Debug|Any CPU.ActiveCfg = Debug|Any CPU
		{340CED32-89EC-4B1D-BC30-D3DAF50892A5}.Debug|Any CPU.Build.0 = Debug|Any CPU
		{340CED32-89EC-4B1D-BC30-D3DAF50892A5}.Release|Any CPU.ActiveCfg = Release|Any CPU
		{340CED32-89EC-4B1D-BC30-D3DAF50892A5}.Release|Any CPU.Build.0 = Release|Any CPU
		{7047082D-B53C-4F9A-A0CF-14501548AEFD}.Debug|Any CPU.ActiveCfg = Debug|Any CPU
		{7047082D-B53C-4F9A-A0CF-14501548AEFD}.Debug|Any CPU.Build.0 = Debug|Any CPU
		{7047082D-B53C-4F9A-A0CF-14501548AEFD}.Release|Any CPU.ActiveCfg = Release|Any CPU
		{7047082D-B53C-4F9A-A0CF-14501548AEFD}.Release|Any CPU.Build.0 = Release|Any CPU
		{6FD4E768-F443-4AAB-BD7E-606AF777F8A2}.Debug|Any CPU.ActiveCfg = Debug|Any CPU
		{6FD4E768-F443-4AAB-BD7E-606AF777F8A2}.Debug|Any CPU.Build.0 = Debug|Any CPU
		{6FD4E768-F443-4AAB-BD7E-606AF777F8A2}.Release|Any CPU.ActiveCfg = Release|Any CPU
		{6FD4E768-F443-4AAB-BD7E-606AF777F8A2}.Release|Any CPU.Build.0 = Release|Any CPU
		{8EE2A184-05A2-41D5-9AF2-18311F7B4B4D}.Debug|Any CPU.ActiveCfg = Debug|Any CPU
		{8EE2A184-05A2-41D5-9AF2-18311F7B4B4D}.Debug|Any CPU.Build.0 = Debug|Any CPU
		{8EE2A184-05A2-41D5-9AF2-18311F7B4B4D}.Release|Any CPU.ActiveCfg = Release|Any CPU
		{8EE2A184-05A2-41D5-9AF2-18311F7B4B4D}.Release|Any CPU.Build.0 = Release|Any CPU
		{046D84E3-85A9-4F9F-86F5-D6EB869999A0}.Debug|Any CPU.ActiveCfg = Debug|Any CPU
		{046D84E3-85A9-4F9F-86F5-D6EB869999A0}.Debug|Any CPU.Build.0 = Debug|Any CPU
		{046D84E3-85A9-4F9F-86F5-D6EB869999A0}.Release|Any CPU.ActiveCfg = Release|Any CPU
		{046D84E3-85A9-4F9F-86F5-D6EB869999A0}.Release|Any CPU.Build.0 = Release|Any CPU
		{829C7E77-AAF5-4D3F-978A-74A3A75D1568}.Debug|Any CPU.ActiveCfg = Debug|Any CPU
		{829C7E77-AAF5-4D3F-978A-74A3A75D1568}.Debug|Any CPU.Build.0 = Debug|Any CPU
		{829C7E77-AAF5-4D3F-978A-74A3A75D1568}.Release|Any CPU.ActiveCfg = Release|Any CPU
		{829C7E77-AAF5-4D3F-978A-74A3A75D1568}.Release|Any CPU.Build.0 = Release|Any CPU
		{DB85FCDE-06DF-4563-9BE9-4B9988B8B29D}.Debug|Any CPU.ActiveCfg = Debug|Any CPU
		{DB85FCDE-06DF-4563-9BE9-4B9988B8B29D}.Debug|Any CPU.Build.0 = Debug|Any CPU
		{DB85FCDE-06DF-4563-9BE9-4B9988B8B29D}.Release|Any CPU.ActiveCfg = Release|Any CPU
		{DB85FCDE-06DF-4563-9BE9-4B9988B8B29D}.Release|Any CPU.Build.0 = Release|Any CPU
		{41A79A15-3552-4BB3-826D-1B3C89F83609}.Debug|Any CPU.ActiveCfg = Debug|Any CPU
		{41A79A15-3552-4BB3-826D-1B3C89F83609}.Debug|Any CPU.Build.0 = Debug|Any CPU
		{41A79A15-3552-4BB3-826D-1B3C89F83609}.Release|Any CPU.ActiveCfg = Release|Any CPU
		{41A79A15-3552-4BB3-826D-1B3C89F83609}.Release|Any CPU.Build.0 = Release|Any CPU
		{920BDCC4-62AE-4156-964F-43C67CC84C3B}.Debug|Any CPU.ActiveCfg = Debug|Any CPU
		{920BDCC4-62AE-4156-964F-43C67CC84C3B}.Debug|Any CPU.Build.0 = Debug|Any CPU
		{920BDCC4-62AE-4156-964F-43C67CC84C3B}.Release|Any CPU.ActiveCfg = Release|Any CPU
		{920BDCC4-62AE-4156-964F-43C67CC84C3B}.Release|Any CPU.Build.0 = Release|Any CPU
	EndGlobalSection
	GlobalSection(SolutionProperties) = preSolution
		HideSolutionNode = FALSE
	EndGlobalSection
	GlobalSection(NestedProjects) = preSolution
		{36A9D624-41E3-4A4E-A31F-E34A6E94F58B} = {4D90723E-CB72-44F3-9C60-A624EAD01ED1}
		{CE08ECCF-268C-4057-B263-A6599AAE6C13} = {36A9D624-41E3-4A4E-A31F-E34A6E94F58B}
		{7558E27A-E61D-427F-91C2-8F238653EA26} = {4D90723E-CB72-44F3-9C60-A624EAD01ED1}
		{5887A72D-CD89-40E8-A970-44437CD7AE08} = {7558E27A-E61D-427F-91C2-8F238653EA26}
		{97D76710-0611-4448-8E7D-DAA4FDEC9809} = {4D90723E-CB72-44F3-9C60-A624EAD01ED1}
		{6F8DA99C-CBBD-423A-A544-BAA8450E30BA} = {97D76710-0611-4448-8E7D-DAA4FDEC9809}
		{CE89928A-806A-427B-9850-75D938D85E74} = {4D90723E-CB72-44F3-9C60-A624EAD01ED1}
		{8CB2F1FF-53F8-40A1-AC76-F51A1E8B1A7F} = {CE89928A-806A-427B-9850-75D938D85E74}
		{136509FB-C155-4CF5-9282-003E6DD75BB4} = {58A6C2FE-8A71-4407-8FEF-4260BA3998AC}
		{B74917A4-3F05-4D8B-B960-23E52EC8AEB8} = {58A6C2FE-8A71-4407-8FEF-4260BA3998AC}
		{A9EAC3DD-CB07-4526-8069-083F627D9050} = {58A6C2FE-8A71-4407-8FEF-4260BA3998AC}
		{5F1DB44B-609A-47D8-9B18-EF351608F78A} = {136509FB-C155-4CF5-9282-003E6DD75BB4}
		{23FF4648-3929-42B7-91BD-EBDB18CD301B} = {B74917A4-3F05-4D8B-B960-23E52EC8AEB8}
		{E9CC41C0-44A8-4F04-98C1-2E246C3E0BA9} = {A9EAC3DD-CB07-4526-8069-083F627D9050}
		{ED0448D1-A619-4AE5-9BC6-4863369B4613} = {F0B19C48-8AEA-477C-89DD-6216DEAD72B1}
		{3D6EBFA4-34C3-4D02-A885-D9FEA017FD23} = {B72836C7-D147-487B-97D3-163E937869FC}
		{F8408A28-F87C-4F5E-A1E2-17E7C6133178} = {ED0448D1-A619-4AE5-9BC6-4863369B4613}
		{340CED32-89EC-4B1D-BC30-D3DAF50892A5} = {3D6EBFA4-34C3-4D02-A885-D9FEA017FD23}
		{616396C2-05DB-46E7-9989-E4820E2FA54E} = {B72836C7-D147-487B-97D3-163E937869FC}
		{7047082D-B53C-4F9A-A0CF-14501548AEFD} = {616396C2-05DB-46E7-9989-E4820E2FA54E}
		{8154711B-D41E-4BF1-A2F3-C63D4964DA95} = {CA11DF22-F292-4B25-A06B-CAB05FBAEDC1}
		{942307DB-F5B5-4C7F-B957-677DF59BEF7B} = {CA11DF22-F292-4B25-A06B-CAB05FBAEDC1}
		{106B4A19-E7F2-459C-BB92-C6E641C50034} = {CA11DF22-F292-4B25-A06B-CAB05FBAEDC1}
		{6FD4E768-F443-4AAB-BD7E-606AF777F8A2} = {8154711B-D41E-4BF1-A2F3-C63D4964DA95}
		{8EE2A184-05A2-41D5-9AF2-18311F7B4B4D} = {942307DB-F5B5-4C7F-B957-677DF59BEF7B}
		{046D84E3-85A9-4F9F-86F5-D6EB869999A0} = {106B4A19-E7F2-459C-BB92-C6E641C50034}
		{829C7E77-AAF5-4D3F-978A-74A3A75D1568} = {845FE81D-7042-4238-B5A3-453A28FB0BCD}
		{E3936643-EE14-4588-9986-47884419CE2C} = {BA5CE472-E7D4-4232-A308-2AEFAC5B60DF}
		{0DB07A48-919C-4939-87E4-EA13A2DBB5E0} = {D8B0A9A1-3FBF-49C5-B218-8C71A6928A10}
		{DB85FCDE-06DF-4563-9BE9-4B9988B8B29D} = {E3936643-EE14-4588-9986-47884419CE2C}
		{41A79A15-3552-4BB3-826D-1B3C89F83609} = {0DB07A48-919C-4939-87E4-EA13A2DBB5E0}
		{40A26974-0915-4CFC-A04C-4F7A44A8EE55} = {FDDBE618-720B-4676-8CA7-441CA0DC18FF}
		{920BDCC4-62AE-4156-964F-43C67CC84C3B} = {40A26974-0915-4CFC-A04C-4F7A44A8EE55}
	EndGlobalSection
	GlobalSection(ExtensibilityGlobals) = postSolution
		SolutionGuid = {F80A83A1-2D7B-4467-BE1F-E61821187505}
	EndGlobalSection
EndGlobal
